
Microsoft Visual Studio Solution File, Format Version 12.00
# Visual Studio Version 17
VisualStudioVersion = 17.11.35303.130
MinimumVisualStudioVersion = 10.0.40219.1
Project("{9A19103F-16F7-4668-BE54-9A1E7A4F7556}") = "Coffee-PryStore", "Coffee-PryStore\Coffee-PryStore.csproj", "{20D9B5AE-C12D-4DE4-B055-353F828B0BDC}"
EndProject
Project("{FAE04EC0-301F-11D3-BF4B-00C04F79EFBC}") = "CoffeePryStore.Tests", "CoffeePryStore.Tests\CoffeePryStore.Tests.csproj", "{2452B3F8-7C0D-4243-85E2-09541ACC6741}"
EndProject
Global
	GlobalSection(SolutionConfigurationPlatforms) = preSolution
		Debug|Any CPU = Debug|Any CPU
		Release|Any CPU = Release|Any CPU
	EndGlobalSection
	GlobalSection(ProjectConfigurationPlatforms) = postSolution
		{20D9B5AE-C12D-4DE4-B055-353F828B0BDC}.Debug|Any CPU.ActiveCfg = Debug|Any CPU
		{20D9B5AE-C12D-4DE4-B055-353F828B0BDC}.Debug|Any CPU.Build.0 = Debug|Any CPU
		{20D9B5AE-C12D-4DE4-B055-353F828B0BDC}.Release|Any CPU.ActiveCfg = Release|Any CPU
		{20D9B5AE-C12D-4DE4-B055-353F828B0BDC}.Release|Any CPU.Build.0 = Release|Any CPU
		{2452B3F8-7C0D-4243-85E2-09541ACC6741}.Debug|Any CPU.ActiveCfg = Debug|Any CPU
		{2452B3F8-7C0D-4243-85E2-09541ACC6741}.Debug|Any CPU.Build.0 = Debug|Any CPU
		{2452B3F8-7C0D-4243-85E2-09541ACC6741}.Release|Any CPU.ActiveCfg = Release|Any CPU
		{2452B3F8-7C0D-4243-85E2-09541ACC6741}.Release|Any CPU.Build.0 = Release|Any CPU
	EndGlobalSection
	GlobalSection(SolutionProperties) = preSolution
		HideSolutionNode = FALSE
	EndGlobalSection
	GlobalSection(ExtensibilityGlobals) = postSolution
		SolutionGuid = {E3D3D7B2-8A20-40CF-A5D6-5B999505E343}
	EndGlobalSection
EndGlobal
